// !$*UTF8*$!
{
	archiveVersion = 1;
	classes = {
	};
	objectVersion = 56;
	objects = {

/* Begin PBXBuildFile section */
		DE5CD4052B4556FA002546CD /* AppDelegate.swift in Sources */ = {isa = PBXBuildFile; fileRef = DE5CD4042B4556FA002546CD /* AppDelegate.swift */; };
		DE5CD4072B4556FA002546CD /* SceneDelegate.swift in Sources */ = {isa = PBXBuildFile; fileRef = DE5CD4062B4556FA002546CD /* SceneDelegate.swift */; };
		DE5CD4092B4556FA002546CD /* SignInViewController.swift in Sources */ = {isa = PBXBuildFile; fileRef = DE5CD4082B4556FA002546CD /* SignInViewController.swift */; };
		DE5CD40E2B4556FB002546CD /* Assets.xcassets in Resources */ = {isa = PBXBuildFile; fileRef = DE5CD40D2B4556FB002546CD /* Assets.xcassets */; };
		DE5CD4112B4556FB002546CD /* LaunchScreen.storyboard in Resources */ = {isa = PBXBuildFile; fileRef = DE5CD40F2B4556FB002546CD /* LaunchScreen.storyboard */; };
		DE5CD41C2B4556FB002546CD /* SeSACTalkTests.swift in Sources */ = {isa = PBXBuildFile; fileRef = DE5CD41B2B4556FB002546CD /* SeSACTalkTests.swift */; };
		DE5CD4262B4556FB002546CD /* SeSACTalkUITests.swift in Sources */ = {isa = PBXBuildFile; fileRef = DE5CD4252B4556FB002546CD /* SeSACTalkUITests.swift */; };
		DE5CD4282B4556FB002546CD /* SeSACTalkUITestsLaunchTests.swift in Sources */ = {isa = PBXBuildFile; fileRef = DE5CD4272B4556FB002546CD /* SeSACTalkUITestsLaunchTests.swift */; };
		DE5CD4362B45587A002546CD /* RxCocoa in Frameworks */ = {isa = PBXBuildFile; productRef = DE5CD4352B45587A002546CD /* RxCocoa */; };
		DE5CD4382B45587A002546CD /* RxRelay in Frameworks */ = {isa = PBXBuildFile; productRef = DE5CD4372B45587A002546CD /* RxRelay */; };
		DE5CD43A2B45587A002546CD /* RxSwift in Frameworks */ = {isa = PBXBuildFile; productRef = DE5CD4392B45587A002546CD /* RxSwift */; };
		DE5CD43D2B45588F002546CD /* SnapKit in Frameworks */ = {isa = PBXBuildFile; productRef = DE5CD43C2B45588F002546CD /* SnapKit */; };
		DE5CD4402B4558BF002546CD /* Moya in Frameworks */ = {isa = PBXBuildFile; productRef = DE5CD43F2B4558BF002546CD /* Moya */; };
		DE5CD4422B4558BF002546CD /* RxMoya in Frameworks */ = {isa = PBXBuildFile; productRef = DE5CD4412B4558BF002546CD /* RxMoya */; };
		DE5CD4492B45597D002546CD /* .gitIgnore in Resources */ = {isa = PBXBuildFile; fileRef = DE5CD4482B45597D002546CD /* .gitIgnore */; };
		DE5CD44C2B4559CC002546CD /* EndPoints.swift in Sources */ = {isa = PBXBuildFile; fileRef = DE5CD44B2B4559CC002546CD /* EndPoints.swift */; };
		DE5CD44F2B455B0A002546CD /* Typegraphy.swift in Sources */ = {isa = PBXBuildFile; fileRef = DE5CD44E2B455B0A002546CD /* Typegraphy.swift */; };
		DE5CD4512B455DF4002546CD /* Colors.swift in Sources */ = {isa = PBXBuildFile; fileRef = DE5CD4502B455DF4002546CD /* Colors.swift */; };
		DE5CD4532B45657C002546CD /* SignInViewModel.swift in Sources */ = {isa = PBXBuildFile; fileRef = DE5CD4522B45657C002546CD /* SignInViewModel.swift */; };
		DE5CD4592B4566DE002546CD /* CustomTextField.swift in Sources */ = {isa = PBXBuildFile; fileRef = DE5CD4582B4566DE002546CD /* CustomTextField.swift */; };
		DE5CD45B2B45699B002546CD /* CustomLabel.swift in Sources */ = {isa = PBXBuildFile; fileRef = DE5CD45A2B45699B002546CD /* CustomLabel.swift */; };
		DE5CD45D2B456BE7002546CD /* CustomInputView.swift in Sources */ = {isa = PBXBuildFile; fileRef = DE5CD45C2B456BE7002546CD /* CustomInputView.swift */; };
		DE5CD4602B45785B002546CD /* SF-Pro.ttf in Resources */ = {isa = PBXBuildFile; fileRef = DE5CD45F2B45785B002546CD /* SF-Pro.ttf */; };
		DE5CD4622B458319002546CD /* CustomButton.swift in Sources */ = {isa = PBXBuildFile; fileRef = DE5CD4612B458319002546CD /* CustomButton.swift */; };
		DE5CD4652B45909F002546CD /* SignInRequest.swift in Sources */ = {isa = PBXBuildFile; fileRef = DE5CD4642B45909F002546CD /* SignInRequest.swift */; };
		DE5CD4692B459129002546CD /* SignInResponse.swift in Sources */ = {isa = PBXBuildFile; fileRef = DE5CD4682B459129002546CD /* SignInResponse.swift */; };
		DE7171502B466A2900B619D4 /* SecureKeys.swift in Sources */ = {isa = PBXBuildFile; fileRef = DE71714F2B466A2900B619D4 /* SecureKeys.swift */; };
		DE7171522B466C1A00B619D4 /* APIService.swift in Sources */ = {isa = PBXBuildFile; fileRef = DE7171512B466C1A00B619D4 /* APIService.swift */; };
		DE7171542B466E3B00B619D4 /* ErrorResponse.swift in Sources */ = {isa = PBXBuildFile; fileRef = DE7171532B466E3B00B619D4 /* ErrorResponse.swift */; };
		DE7171562B466E4900B619D4 /* EmailValidationRequest.swift in Sources */ = {isa = PBXBuildFile; fileRef = DE7171552B466E4900B619D4 /* EmailValidationRequest.swift */; };
		DE7171582B46793100B619D4 /* NetworkService.swift in Sources */ = {isa = PBXBuildFile; fileRef = DE7171572B46793100B619D4 /* NetworkService.swift */; };
		DE71715A2B467D7200B619D4 /* APIError.swift in Sources */ = {isa = PBXBuildFile; fileRef = DE7171592B467D7200B619D4 /* APIError.swift */; };
		DEE310502B4595A1009209F0 /* RxKeyboard in Frameworks */ = {isa = PBXBuildFile; productRef = DEE3104F2B4595A1009209F0 /* RxKeyboard */; };
/* End PBXBuildFile section */

/* Begin PBXContainerItemProxy section */
		DE5CD4182B4556FB002546CD /* PBXContainerItemProxy */ = {
			isa = PBXContainerItemProxy;
			containerPortal = DE5CD3F92B4556FA002546CD /* Project object */;
			proxyType = 1;
			remoteGlobalIDString = DE5CD4002B4556FA002546CD;
			remoteInfo = SeSACTalk;
		};
		DE5CD4222B4556FB002546CD /* PBXContainerItemProxy */ = {
			isa = PBXContainerItemProxy;
			containerPortal = DE5CD3F92B4556FA002546CD /* Project object */;
			proxyType = 1;
			remoteGlobalIDString = DE5CD4002B4556FA002546CD;
			remoteInfo = SeSACTalk;
		};
/* End PBXContainerItemProxy section */

/* Begin PBXFileReference section */
		DE5CD4012B4556FA002546CD /* SeSACTalk.app */ = {isa = PBXFileReference; explicitFileType = wrapper.application; includeInIndex = 0; path = SeSACTalk.app; sourceTree = BUILT_PRODUCTS_DIR; };
		DE5CD4042B4556FA002546CD /* AppDelegate.swift */ = {isa = PBXFileReference; lastKnownFileType = sourcecode.swift; path = AppDelegate.swift; sourceTree = "<group>"; };
		DE5CD4062B4556FA002546CD /* SceneDelegate.swift */ = {isa = PBXFileReference; lastKnownFileType = sourcecode.swift; path = SceneDelegate.swift; sourceTree = "<group>"; };
		DE5CD4082B4556FA002546CD /* SignInViewController.swift */ = {isa = PBXFileReference; lastKnownFileType = sourcecode.swift; path = SignInViewController.swift; sourceTree = "<group>"; };
		DE5CD40D2B4556FB002546CD /* Assets.xcassets */ = {isa = PBXFileReference; lastKnownFileType = folder.assetcatalog; path = Assets.xcassets; sourceTree = "<group>"; };
		DE5CD4102B4556FB002546CD /* Base */ = {isa = PBXFileReference; lastKnownFileType = file.storyboard; name = Base; path = Base.lproj/LaunchScreen.storyboard; sourceTree = "<group>"; };
		DE5CD4122B4556FB002546CD /* Info.plist */ = {isa = PBXFileReference; lastKnownFileType = text.plist.xml; path = Info.plist; sourceTree = "<group>"; };
		DE5CD4172B4556FB002546CD /* SeSACTalkTests.xctest */ = {isa = PBXFileReference; explicitFileType = wrapper.cfbundle; includeInIndex = 0; path = SeSACTalkTests.xctest; sourceTree = BUILT_PRODUCTS_DIR; };
		DE5CD41B2B4556FB002546CD /* SeSACTalkTests.swift */ = {isa = PBXFileReference; lastKnownFileType = sourcecode.swift; path = SeSACTalkTests.swift; sourceTree = "<group>"; };
		DE5CD4212B4556FB002546CD /* SeSACTalkUITests.xctest */ = {isa = PBXFileReference; explicitFileType = wrapper.cfbundle; includeInIndex = 0; path = SeSACTalkUITests.xctest; sourceTree = BUILT_PRODUCTS_DIR; };
		DE5CD4252B4556FB002546CD /* SeSACTalkUITests.swift */ = {isa = PBXFileReference; lastKnownFileType = sourcecode.swift; path = SeSACTalkUITests.swift; sourceTree = "<group>"; };
		DE5CD4272B4556FB002546CD /* SeSACTalkUITestsLaunchTests.swift */ = {isa = PBXFileReference; lastKnownFileType = sourcecode.swift; path = SeSACTalkUITestsLaunchTests.swift; sourceTree = "<group>"; };
		DE5CD4482B45597D002546CD /* .gitIgnore */ = {isa = PBXFileReference; lastKnownFileType = text; path = .gitIgnore; sourceTree = "<group>"; };
		DE5CD44B2B4559CC002546CD /* EndPoints.swift */ = {isa = PBXFileReference; lastKnownFileType = sourcecode.swift; path = EndPoints.swift; sourceTree = "<group>"; };
		DE5CD44E2B455B0A002546CD /* Typegraphy.swift */ = {isa = PBXFileReference; lastKnownFileType = sourcecode.swift; path = Typegraphy.swift; sourceTree = "<group>"; };
		DE5CD4502B455DF4002546CD /* Colors.swift */ = {isa = PBXFileReference; lastKnownFileType = sourcecode.swift; path = Colors.swift; sourceTree = "<group>"; };
		DE5CD4522B45657C002546CD /* SignInViewModel.swift */ = {isa = PBXFileReference; lastKnownFileType = sourcecode.swift; path = SignInViewModel.swift; sourceTree = "<group>"; };
		DE5CD4582B4566DE002546CD /* CustomTextField.swift */ = {isa = PBXFileReference; lastKnownFileType = sourcecode.swift; path = CustomTextField.swift; sourceTree = "<group>"; };
		DE5CD45A2B45699B002546CD /* CustomLabel.swift */ = {isa = PBXFileReference; lastKnownFileType = sourcecode.swift; path = CustomLabel.swift; sourceTree = "<group>"; };
		DE5CD45C2B456BE7002546CD /* CustomInputView.swift */ = {isa = PBXFileReference; lastKnownFileType = sourcecode.swift; path = CustomInputView.swift; sourceTree = "<group>"; };
		DE5CD45F2B45785B002546CD /* SF-Pro.ttf */ = {isa = PBXFileReference; lastKnownFileType = file; path = "SF-Pro.ttf"; sourceTree = "<group>"; };
		DE5CD4612B458319002546CD /* CustomButton.swift */ = {isa = PBXFileReference; lastKnownFileType = sourcecode.swift; path = CustomButton.swift; sourceTree = "<group>"; };
		DE5CD4642B45909F002546CD /* SignInRequest.swift */ = {isa = PBXFileReference; lastKnownFileType = sourcecode.swift; path = SignInRequest.swift; sourceTree = "<group>"; };
		DE5CD4682B459129002546CD /* SignInResponse.swift */ = {isa = PBXFileReference; lastKnownFileType = sourcecode.swift; path = SignInResponse.swift; sourceTree = "<group>"; };
		DE71714F2B466A2900B619D4 /* SecureKeys.swift */ = {isa = PBXFileReference; lastKnownFileType = sourcecode.swift; path = SecureKeys.swift; sourceTree = "<group>"; };
		DE7171512B466C1A00B619D4 /* APIService.swift */ = {isa = PBXFileReference; lastKnownFileType = sourcecode.swift; path = APIService.swift; sourceTree = "<group>"; };
		DE7171532B466E3B00B619D4 /* ErrorResponse.swift */ = {isa = PBXFileReference; lastKnownFileType = sourcecode.swift; path = ErrorResponse.swift; sourceTree = "<group>"; };
		DE7171552B466E4900B619D4 /* EmailValidationRequest.swift */ = {isa = PBXFileReference; lastKnownFileType = sourcecode.swift; path = EmailValidationRequest.swift; sourceTree = "<group>"; };
		DE7171572B46793100B619D4 /* NetworkService.swift */ = {isa = PBXFileReference; lastKnownFileType = sourcecode.swift; path = NetworkService.swift; sourceTree = "<group>"; };
		DE7171592B467D7200B619D4 /* APIError.swift */ = {isa = PBXFileReference; lastKnownFileType = sourcecode.swift; path = APIError.swift; sourceTree = "<group>"; };
/* End PBXFileReference section */

/* Begin PBXFrameworksBuildPhase section */
		DE5CD3FE2B4556FA002546CD /* Frameworks */ = {
			isa = PBXFrameworksBuildPhase;
			buildActionMask = 2147483647;
			files = (
				DE5CD4422B4558BF002546CD /* RxMoya in Frameworks */,
				DE5CD43A2B45587A002546CD /* RxSwift in Frameworks */,
				DE5CD43D2B45588F002546CD /* SnapKit in Frameworks */,
				DEE310502B4595A1009209F0 /* RxKeyboard in Frameworks */,
				DE5CD4382B45587A002546CD /* RxRelay in Frameworks */,
				DE5CD4402B4558BF002546CD /* Moya in Frameworks */,
				DE5CD4362B45587A002546CD /* RxCocoa in Frameworks */,
			);
			runOnlyForDeploymentPostprocessing = 0;
		};
		DE5CD4142B4556FB002546CD /* Frameworks */ = {
			isa = PBXFrameworksBuildPhase;
			buildActionMask = 2147483647;
			files = (
			);
			runOnlyForDeploymentPostprocessing = 0;
		};
		DE5CD41E2B4556FB002546CD /* Frameworks */ = {
			isa = PBXFrameworksBuildPhase;
			buildActionMask = 2147483647;
			files = (
			);
			runOnlyForDeploymentPostprocessing = 0;
		};
/* End PBXFrameworksBuildPhase section */

/* Begin PBXGroup section */
		DE5CD3F82B4556FA002546CD = {
			isa = PBXGroup;
			children = (
				DE5CD4032B4556FA002546CD /* SeSACTalk */,
				DE5CD41A2B4556FB002546CD /* SeSACTalkTests */,
				DE5CD4242B4556FB002546CD /* SeSACTalkUITests */,
				DE5CD4022B4556FA002546CD /* Products */,
			);
			sourceTree = "<group>";
		};
		DE5CD4022B4556FA002546CD /* Products */ = {
			isa = PBXGroup;
			children = (
				DE5CD4012B4556FA002546CD /* SeSACTalk.app */,
				DE5CD4172B4556FB002546CD /* SeSACTalkTests.xctest */,
				DE5CD4212B4556FB002546CD /* SeSACTalkUITests.xctest */,
			);
			name = Products;
			sourceTree = "<group>";
		};
		DE5CD4032B4556FA002546CD /* SeSACTalk */ = {
			isa = PBXGroup;
			children = (
				DE5CD45E2B45784A002546CD /* Font */,
				DE5CD4572B4566D1002546CD /* Components */,
				DE5CD44D2B455A01002546CD /* Constant */,
				DE5CD4472B455954002546CD /* Extensions */,
				DE5CD44A2B4559A7002546CD /* Security */,
				DE5CD4462B45594C002546CD /* Network */,
				DE5CD4632B459086002546CD /* Model */,
				DE5CD4452B4558FF002546CD /* View */,
				DE5CD4442B4558F5002546CD /* ViewModel */,
				DE5CD4432B4558E6002546CD /* App */,
				DE5CD40D2B4556FB002546CD /* Assets.xcassets */,
				DE5CD40F2B4556FB002546CD /* LaunchScreen.storyboard */,
				DE5CD4122B4556FB002546CD /* Info.plist */,
				DE5CD4482B45597D002546CD /* .gitIgnore */,
			);
			path = SeSACTalk;
			sourceTree = "<group>";
		};
		DE5CD41A2B4556FB002546CD /* SeSACTalkTests */ = {
			isa = PBXGroup;
			children = (
				DE5CD41B2B4556FB002546CD /* SeSACTalkTests.swift */,
			);
			path = SeSACTalkTests;
			sourceTree = "<group>";
		};
		DE5CD4242B4556FB002546CD /* SeSACTalkUITests */ = {
			isa = PBXGroup;
			children = (
				DE5CD4252B4556FB002546CD /* SeSACTalkUITests.swift */,
				DE5CD4272B4556FB002546CD /* SeSACTalkUITestsLaunchTests.swift */,
			);
			path = SeSACTalkUITests;
			sourceTree = "<group>";
		};
		DE5CD4432B4558E6002546CD /* App */ = {
			isa = PBXGroup;
			children = (
				DE5CD4042B4556FA002546CD /* AppDelegate.swift */,
				DE5CD4062B4556FA002546CD /* SceneDelegate.swift */,
			);
			path = App;
			sourceTree = "<group>";
		};
		DE5CD4442B4558F5002546CD /* ViewModel */ = {
			isa = PBXGroup;
			children = (
				DE5CD4522B45657C002546CD /* SignInViewModel.swift */,
			);
			path = ViewModel;
			sourceTree = "<group>";
		};
		DE5CD4452B4558FF002546CD /* View */ = {
			isa = PBXGroup;
			children = (
				DE5CD4082B4556FA002546CD /* SignInViewController.swift */,
			);
			path = View;
			sourceTree = "<group>";
		};
		DE5CD4462B45594C002546CD /* Network */ = {
			isa = PBXGroup;
			children = (
				DE7171512B466C1A00B619D4 /* APIService.swift */,
				DE7171572B46793100B619D4 /* NetworkService.swift */,
				DE7171592B467D7200B619D4 /* APIError.swift */,
			);
			path = Network;
			sourceTree = "<group>";
		};
		DE5CD4472B455954002546CD /* Extensions */ = {
			isa = PBXGroup;
			children = (
			);
			path = Extensions;
			sourceTree = "<group>";
		};
		DE5CD44A2B4559A7002546CD /* Security */ = {
			isa = PBXGroup;
			children = (
				DE5CD44B2B4559CC002546CD /* EndPoints.swift */,
				DE71714F2B466A2900B619D4 /* SecureKeys.swift */,
			);
			path = Security;
			sourceTree = "<group>";
		};
		DE5CD44D2B455A01002546CD /* Constant */ = {
			isa = PBXGroup;
			children = (
				DE5CD44E2B455B0A002546CD /* Typegraphy.swift */,
				DE5CD4502B455DF4002546CD /* Colors.swift */,
			);
			path = Constant;
			sourceTree = "<group>";
		};
		DE5CD4572B4566D1002546CD /* Components */ = {
			isa = PBXGroup;
			children = (
				DE5CD4582B4566DE002546CD /* CustomTextField.swift */,
				DE5CD45A2B45699B002546CD /* CustomLabel.swift */,
				DE5CD45C2B456BE7002546CD /* CustomInputView.swift */,
				DE5CD4612B458319002546CD /* CustomButton.swift */,
			);
			path = Components;
			sourceTree = "<group>";
		};
		DE5CD45E2B45784A002546CD /* Font */ = {
			isa = PBXGroup;
			children = (
				DE5CD45F2B45785B002546CD /* SF-Pro.ttf */,
			);
			path = Font;
			sourceTree = "<group>";
		};
		DE5CD4632B459086002546CD /* Model */ = {
			isa = PBXGroup;
			children = (
				DE5CD4672B459120002546CD /* Response */,
				DE5CD4662B45911A002546CD /* Request */,
			);
			path = Model;
			sourceTree = "<group>";
		};
		DE5CD4662B45911A002546CD /* Request */ = {
			isa = PBXGroup;
			children = (
				DE5CD4642B45909F002546CD /* SignInRequest.swift */,
				DE7171552B466E4900B619D4 /* EmailValidationRequest.swift */,
			);
			path = Request;
			sourceTree = "<group>";
		};
		DE5CD4672B459120002546CD /* Response */ = {
			isa = PBXGroup;
			children = (
				DE5CD4682B459129002546CD /* SignInResponse.swift */,
				DE7171532B466E3B00B619D4 /* ErrorResponse.swift */,
			);
			path = Response;
			sourceTree = "<group>";
		};
/* End PBXGroup section */

/* Begin PBXNativeTarget section */
		DE5CD4002B4556FA002546CD /* SeSACTalk */ = {
			isa = PBXNativeTarget;
			buildConfigurationList = DE5CD42B2B4556FB002546CD /* Build configuration list for PBXNativeTarget "SeSACTalk" */;
			buildPhases = (
				DE5CD3FD2B4556FA002546CD /* Sources */,
				DE5CD3FE2B4556FA002546CD /* Frameworks */,
				DE5CD3FF2B4556FA002546CD /* Resources */,
			);
			buildRules = (
			);
			dependencies = (
			);
			name = SeSACTalk;
			packageProductDependencies = (
				DE5CD4352B45587A002546CD /* RxCocoa */,
				DE5CD4372B45587A002546CD /* RxRelay */,
				DE5CD4392B45587A002546CD /* RxSwift */,
				DE5CD43C2B45588F002546CD /* SnapKit */,
				DE5CD43F2B4558BF002546CD /* Moya */,
				DE5CD4412B4558BF002546CD /* RxMoya */,
				DEE3104F2B4595A1009209F0 /* RxKeyboard */,
			);
			productName = SeSACTalk;
			productReference = DE5CD4012B4556FA002546CD /* SeSACTalk.app */;
			productType = "com.apple.product-type.application";
		};
		DE5CD4162B4556FB002546CD /* SeSACTalkTests */ = {
			isa = PBXNativeTarget;
			buildConfigurationList = DE5CD42E2B4556FB002546CD /* Build configuration list for PBXNativeTarget "SeSACTalkTests" */;
			buildPhases = (
				DE5CD4132B4556FB002546CD /* Sources */,
				DE5CD4142B4556FB002546CD /* Frameworks */,
				DE5CD4152B4556FB002546CD /* Resources */,
			);
			buildRules = (
			);
			dependencies = (
				DE5CD4192B4556FB002546CD /* PBXTargetDependency */,
			);
			name = SeSACTalkTests;
			productName = SeSACTalkTests;
			productReference = DE5CD4172B4556FB002546CD /* SeSACTalkTests.xctest */;
			productType = "com.apple.product-type.bundle.unit-test";
		};
		DE5CD4202B4556FB002546CD /* SeSACTalkUITests */ = {
			isa = PBXNativeTarget;
			buildConfigurationList = DE5CD4312B4556FB002546CD /* Build configuration list for PBXNativeTarget "SeSACTalkUITests" */;
			buildPhases = (
				DE5CD41D2B4556FB002546CD /* Sources */,
				DE5CD41E2B4556FB002546CD /* Frameworks */,
				DE5CD41F2B4556FB002546CD /* Resources */,
			);
			buildRules = (
			);
			dependencies = (
				DE5CD4232B4556FB002546CD /* PBXTargetDependency */,
			);
			name = SeSACTalkUITests;
			productName = SeSACTalkUITests;
			productReference = DE5CD4212B4556FB002546CD /* SeSACTalkUITests.xctest */;
			productType = "com.apple.product-type.bundle.ui-testing";
		};
/* End PBXNativeTarget section */

/* Begin PBXProject section */
		DE5CD3F92B4556FA002546CD /* Project object */ = {
			isa = PBXProject;
			attributes = {
				BuildIndependentTargetsInParallel = 1;
				LastSwiftUpdateCheck = 1500;
				LastUpgradeCheck = 1500;
				TargetAttributes = {
					DE5CD4002B4556FA002546CD = {
						CreatedOnToolsVersion = 15.0.1;
					};
					DE5CD4162B4556FB002546CD = {
						CreatedOnToolsVersion = 15.0.1;
						TestTargetID = DE5CD4002B4556FA002546CD;
					};
					DE5CD4202B4556FB002546CD = {
						CreatedOnToolsVersion = 15.0.1;
						TestTargetID = DE5CD4002B4556FA002546CD;
					};
				};
			};
			buildConfigurationList = DE5CD3FC2B4556FA002546CD /* Build configuration list for PBXProject "SeSACTalk" */;
			compatibilityVersion = "Xcode 14.0";
			developmentRegion = en;
			hasScannedForEncodings = 0;
			knownRegions = (
				en,
				Base,
			);
			mainGroup = DE5CD3F82B4556FA002546CD;
			packageReferences = (
				DE5CD4342B45587A002546CD /* XCRemoteSwiftPackageReference "RxSwift" */,
				DE5CD43B2B45588F002546CD /* XCRemoteSwiftPackageReference "SnapKit" */,
				DE5CD43E2B4558BF002546CD /* XCRemoteSwiftPackageReference "Moya" */,
				DEE3104E2B4595A1009209F0 /* XCRemoteSwiftPackageReference "RxKeyboard" */,
			);
			productRefGroup = DE5CD4022B4556FA002546CD /* Products */;
			projectDirPath = "";
			projectRoot = "";
			targets = (
				DE5CD4002B4556FA002546CD /* SeSACTalk */,
				DE5CD4162B4556FB002546CD /* SeSACTalkTests */,
				DE5CD4202B4556FB002546CD /* SeSACTalkUITests */,
			);
		};
/* End PBXProject section */

/* Begin PBXResourcesBuildPhase section */
		DE5CD3FF2B4556FA002546CD /* Resources */ = {
			isa = PBXResourcesBuildPhase;
			buildActionMask = 2147483647;
			files = (
				DE5CD4112B4556FB002546CD /* LaunchScreen.storyboard in Resources */,
				DE5CD4602B45785B002546CD /* SF-Pro.ttf in Resources */,
				DE5CD40E2B4556FB002546CD /* Assets.xcassets in Resources */,
				DE5CD4492B45597D002546CD /* .gitIgnore in Resources */,
			);
			runOnlyForDeploymentPostprocessing = 0;
		};
		DE5CD4152B4556FB002546CD /* Resources */ = {
			isa = PBXResourcesBuildPhase;
			buildActionMask = 2147483647;
			files = (
			);
			runOnlyForDeploymentPostprocessing = 0;
		};
		DE5CD41F2B4556FB002546CD /* Resources */ = {
			isa = PBXResourcesBuildPhase;
			buildActionMask = 2147483647;
			files = (
			);
			runOnlyForDeploymentPostprocessing = 0;
		};
/* End PBXResourcesBuildPhase section */

/* Begin PBXSourcesBuildPhase section */
		DE5CD3FD2B4556FA002546CD /* Sources */ = {
			isa = PBXSourcesBuildPhase;
			buildActionMask = 2147483647;
			files = (
				DE5CD4092B4556FA002546CD /* SignInViewController.swift in Sources */,
				DE7171522B466C1A00B619D4 /* APIService.swift in Sources */,
				DE5CD45B2B45699B002546CD /* CustomLabel.swift in Sources */,
				DE5CD4532B45657C002546CD /* SignInViewModel.swift in Sources */,
				DE7171582B46793100B619D4 /* NetworkService.swift in Sources */,
				DE5CD4512B455DF4002546CD /* Colors.swift in Sources */,
				DE5CD4052B4556FA002546CD /* AppDelegate.swift in Sources */,
				DE5CD44C2B4559CC002546CD /* EndPoints.swift in Sources */,
				DE71715A2B467D7200B619D4 /* APIError.swift in Sources */,
				DE5CD4072B4556FA002546CD /* SceneDelegate.swift in Sources */,
				DE5CD4622B458319002546CD /* CustomButton.swift in Sources */,
				DE7171502B466A2900B619D4 /* SecureKeys.swift in Sources */,
				DE7171542B466E3B00B619D4 /* ErrorResponse.swift in Sources */,
				DE7171562B466E4900B619D4 /* EmailValidationRequest.swift in Sources */,
				DE5CD44F2B455B0A002546CD /* Typegraphy.swift in Sources */,
				DE5CD45D2B456BE7002546CD /* CustomInputView.swift in Sources */,
				DE5CD4592B4566DE002546CD /* CustomTextField.swift in Sources */,
				DE5CD4692B459129002546CD /* SignInResponse.swift in Sources */,
				DE5CD4652B45909F002546CD /* SignInRequest.swift in Sources */,
			);
			runOnlyForDeploymentPostprocessing = 0;
		};
		DE5CD4132B4556FB002546CD /* Sources */ = {
			isa = PBXSourcesBuildPhase;
			buildActionMask = 2147483647;
			files = (
				DE5CD41C2B4556FB002546CD /* SeSACTalkTests.swift in Sources */,
			);
			runOnlyForDeploymentPostprocessing = 0;
		};
		DE5CD41D2B4556FB002546CD /* Sources */ = {
			isa = PBXSourcesBuildPhase;
			buildActionMask = 2147483647;
			files = (
				DE5CD4282B4556FB002546CD /* SeSACTalkUITestsLaunchTests.swift in Sources */,
				DE5CD4262B4556FB002546CD /* SeSACTalkUITests.swift in Sources */,
			);
			runOnlyForDeploymentPostprocessing = 0;
		};
/* End PBXSourcesBuildPhase section */

/* Begin PBXTargetDependency section */
		DE5CD4192B4556FB002546CD /* PBXTargetDependency */ = {
			isa = PBXTargetDependency;
			target = DE5CD4002B4556FA002546CD /* SeSACTalk */;
			targetProxy = DE5CD4182B4556FB002546CD /* PBXContainerItemProxy */;
		};
		DE5CD4232B4556FB002546CD /* PBXTargetDependency */ = {
			isa = PBXTargetDependency;
			target = DE5CD4002B4556FA002546CD /* SeSACTalk */;
			targetProxy = DE5CD4222B4556FB002546CD /* PBXContainerItemProxy */;
		};
/* End PBXTargetDependency section */

/* Begin PBXVariantGroup section */
		DE5CD40F2B4556FB002546CD /* LaunchScreen.storyboard */ = {
			isa = PBXVariantGroup;
			children = (
				DE5CD4102B4556FB002546CD /* Base */,
			);
			name = LaunchScreen.storyboard;
			sourceTree = "<group>";
		};
/* End PBXVariantGroup section */

/* Begin XCBuildConfiguration section */
		DE5CD4292B4556FB002546CD /* Debug */ = {
			isa = XCBuildConfiguration;
			buildSettings = {
				ALWAYS_SEARCH_USER_PATHS = NO;
				ASSETCATALOG_COMPILER_GENERATE_SWIFT_ASSET_SYMBOL_EXTENSIONS = YES;
				CLANG_ANALYZER_NONNULL = YES;
				CLANG_ANALYZER_NUMBER_OBJECT_CONVERSION = YES_AGGRESSIVE;
				CLANG_CXX_LANGUAGE_STANDARD = "gnu++20";
				CLANG_ENABLE_MODULES = YES;
				CLANG_ENABLE_OBJC_ARC = YES;
				CLANG_ENABLE_OBJC_WEAK = YES;
				CLANG_WARN_BLOCK_CAPTURE_AUTORELEASING = YES;
				CLANG_WARN_BOOL_CONVERSION = YES;
				CLANG_WARN_COMMA = YES;
				CLANG_WARN_CONSTANT_CONVERSION = YES;
				CLANG_WARN_DEPRECATED_OBJC_IMPLEMENTATIONS = YES;
				CLANG_WARN_DIRECT_OBJC_ISA_USAGE = YES_ERROR;
				CLANG_WARN_DOCUMENTATION_COMMENTS = YES;
				CLANG_WARN_EMPTY_BODY = YES;
				CLANG_WARN_ENUM_CONVERSION = YES;
				CLANG_WARN_INFINITE_RECURSION = YES;
				CLANG_WARN_INT_CONVERSION = YES;
				CLANG_WARN_NON_LITERAL_NULL_CONVERSION = YES;
				CLANG_WARN_OBJC_IMPLICIT_RETAIN_SELF = YES;
				CLANG_WARN_OBJC_LITERAL_CONVERSION = YES;
				CLANG_WARN_OBJC_ROOT_CLASS = YES_ERROR;
				CLANG_WARN_QUOTED_INCLUDE_IN_FRAMEWORK_HEADER = YES;
				CLANG_WARN_RANGE_LOOP_ANALYSIS = YES;
				CLANG_WARN_STRICT_PROTOTYPES = YES;
				CLANG_WARN_SUSPICIOUS_MOVE = YES;
				CLANG_WARN_UNGUARDED_AVAILABILITY = YES_AGGRESSIVE;
				CLANG_WARN_UNREACHABLE_CODE = YES;
				CLANG_WARN__DUPLICATE_METHOD_MATCH = YES;
				COPY_PHASE_STRIP = NO;
				DEBUG_INFORMATION_FORMAT = dwarf;
				ENABLE_STRICT_OBJC_MSGSEND = YES;
				ENABLE_TESTABILITY = YES;
				ENABLE_USER_SCRIPT_SANDBOXING = YES;
				GCC_C_LANGUAGE_STANDARD = gnu17;
				GCC_DYNAMIC_NO_PIC = NO;
				GCC_NO_COMMON_BLOCKS = YES;
				GCC_OPTIMIZATION_LEVEL = 0;
				GCC_PREPROCESSOR_DEFINITIONS = (
					"DEBUG=1",
					"$(inherited)",
				);
				GCC_WARN_64_TO_32_BIT_CONVERSION = YES;
				GCC_WARN_ABOUT_RETURN_TYPE = YES_ERROR;
				GCC_WARN_UNDECLARED_SELECTOR = YES;
				GCC_WARN_UNINITIALIZED_AUTOS = YES_AGGRESSIVE;
				GCC_WARN_UNUSED_FUNCTION = YES;
				GCC_WARN_UNUSED_VARIABLE = YES;
				IPHONEOS_DEPLOYMENT_TARGET = 15.0;
				LOCALIZATION_PREFERS_STRING_CATALOGS = YES;
				MTL_ENABLE_DEBUG_INFO = INCLUDE_SOURCE;
				MTL_FAST_MATH = YES;
				ONLY_ACTIVE_ARCH = YES;
				SDKROOT = iphoneos;
				SWIFT_ACTIVE_COMPILATION_CONDITIONS = "DEBUG $(inherited)";
				SWIFT_OPTIMIZATION_LEVEL = "-Onone";
			};
			name = Debug;
		};
		DE5CD42A2B4556FB002546CD /* Release */ = {
			isa = XCBuildConfiguration;
			buildSettings = {
				ALWAYS_SEARCH_USER_PATHS = NO;
				ASSETCATALOG_COMPILER_GENERATE_SWIFT_ASSET_SYMBOL_EXTENSIONS = YES;
				CLANG_ANALYZER_NONNULL = YES;
				CLANG_ANALYZER_NUMBER_OBJECT_CONVERSION = YES_AGGRESSIVE;
				CLANG_CXX_LANGUAGE_STANDARD = "gnu++20";
				CLANG_ENABLE_MODULES = YES;
				CLANG_ENABLE_OBJC_ARC = YES;
				CLANG_ENABLE_OBJC_WEAK = YES;
				CLANG_WARN_BLOCK_CAPTURE_AUTORELEASING = YES;
				CLANG_WARN_BOOL_CONVERSION = YES;
				CLANG_WARN_COMMA = YES;
				CLANG_WARN_CONSTANT_CONVERSION = YES;
				CLANG_WARN_DEPRECATED_OBJC_IMPLEMENTATIONS = YES;
				CLANG_WARN_DIRECT_OBJC_ISA_USAGE = YES_ERROR;
				CLANG_WARN_DOCUMENTATION_COMMENTS = YES;
				CLANG_WARN_EMPTY_BODY = YES;
				CLANG_WARN_ENUM_CONVERSION = YES;
				CLANG_WARN_INFINITE_RECURSION = YES;
				CLANG_WARN_INT_CONVERSION = YES;
				CLANG_WARN_NON_LITERAL_NULL_CONVERSION = YES;
				CLANG_WARN_OBJC_IMPLICIT_RETAIN_SELF = YES;
				CLANG_WARN_OBJC_LITERAL_CONVERSION = YES;
				CLANG_WARN_OBJC_ROOT_CLASS = YES_ERROR;
				CLANG_WARN_QUOTED_INCLUDE_IN_FRAMEWORK_HEADER = YES;
				CLANG_WARN_RANGE_LOOP_ANALYSIS = YES;
				CLANG_WARN_STRICT_PROTOTYPES = YES;
				CLANG_WARN_SUSPICIOUS_MOVE = YES;
				CLANG_WARN_UNGUARDED_AVAILABILITY = YES_AGGRESSIVE;
				CLANG_WARN_UNREACHABLE_CODE = YES;
				CLANG_WARN__DUPLICATE_METHOD_MATCH = YES;
				COPY_PHASE_STRIP = NO;
				DEBUG_INFORMATION_FORMAT = "dwarf-with-dsym";
				ENABLE_NS_ASSERTIONS = NO;
				ENABLE_STRICT_OBJC_MSGSEND = YES;
				ENABLE_USER_SCRIPT_SANDBOXING = YES;
				GCC_C_LANGUAGE_STANDARD = gnu17;
				GCC_NO_COMMON_BLOCKS = YES;
				GCC_WARN_64_TO_32_BIT_CONVERSION = YES;
				GCC_WARN_ABOUT_RETURN_TYPE = YES_ERROR;
				GCC_WARN_UNDECLARED_SELECTOR = YES;
				GCC_WARN_UNINITIALIZED_AUTOS = YES_AGGRESSIVE;
				GCC_WARN_UNUSED_FUNCTION = YES;
				GCC_WARN_UNUSED_VARIABLE = YES;
				IPHONEOS_DEPLOYMENT_TARGET = 15.0;
				LOCALIZATION_PREFERS_STRING_CATALOGS = YES;
				MTL_ENABLE_DEBUG_INFO = NO;
				MTL_FAST_MATH = YES;
				SDKROOT = iphoneos;
				SWIFT_COMPILATION_MODE = wholemodule;
				VALIDATE_PRODUCT = YES;
			};
			name = Release;
		};
		DE5CD42C2B4556FB002546CD /* Debug */ = {
			isa = XCBuildConfiguration;
			buildSettings = {
				ASSETCATALOG_COMPILER_APPICON_NAME = AppIcon;
				ASSETCATALOG_COMPILER_GLOBAL_ACCENT_COLOR_NAME = AccentColor;
				CODE_SIGN_STYLE = Automatic;
				CURRENT_PROJECT_VERSION = 1;
				DEVELOPMENT_TEAM = R5RPU2QP33;
				GENERATE_INFOPLIST_FILE = YES;
				INFOPLIST_FILE = SeSACTalk/Info.plist;
				INFOPLIST_KEY_UIApplicationSupportsIndirectInputEvents = YES;
				INFOPLIST_KEY_UILaunchStoryboardName = LaunchScreen;
				INFOPLIST_KEY_UISupportedInterfaceOrientations = UIInterfaceOrientationPortrait;
				INFOPLIST_KEY_UISupportedInterfaceOrientations_iPad = "UIInterfaceOrientationLandscapeLeft UIInterfaceOrientationLandscapeRight UIInterfaceOrientationPortrait UIInterfaceOrientationPortraitUpsideDown";
				IPHONEOS_DEPLOYMENT_TARGET = 15.0;
				LD_RUNPATH_SEARCH_PATHS = (
					"$(inherited)",
					"@executable_path/Frameworks",
				);
				MARKETING_VERSION = 1.0;
				PRODUCT_BUNDLE_IDENTIFIER = unicus.fortis.SeSACTalk;
				PRODUCT_NAME = "$(TARGET_NAME)";
				SUPPORTED_PLATFORMS = "iphoneos iphonesimulator";
				SUPPORTS_MACCATALYST = NO;
				SUPPORTS_MAC_DESIGNED_FOR_IPHONE_IPAD = NO;
				SWIFT_EMIT_LOC_STRINGS = YES;
				SWIFT_VERSION = 5.0;
				TARGETED_DEVICE_FAMILY = 1;
			};
			name = Debug;
		};
		DE5CD42D2B4556FB002546CD /* Release */ = {
			isa = XCBuildConfiguration;
			buildSettings = {
				ASSETCATALOG_COMPILER_APPICON_NAME = AppIcon;
				ASSETCATALOG_COMPILER_GLOBAL_ACCENT_COLOR_NAME = AccentColor;
				CODE_SIGN_STYLE = Automatic;
				CURRENT_PROJECT_VERSION = 1;
				DEVELOPMENT_TEAM = R5RPU2QP33;
				GENERATE_INFOPLIST_FILE = YES;
				INFOPLIST_FILE = SeSACTalk/Info.plist;
				INFOPLIST_KEY_UIApplicationSupportsIndirectInputEvents = YES;
				INFOPLIST_KEY_UILaunchStoryboardName = LaunchScreen;
				INFOPLIST_KEY_UISupportedInterfaceOrientations = UIInterfaceOrientationPortrait;
				INFOPLIST_KEY_UISupportedInterfaceOrientations_iPad = "UIInterfaceOrientationLandscapeLeft UIInterfaceOrientationLandscapeRight UIInterfaceOrientationPortrait UIInterfaceOrientationPortraitUpsideDown";
				IPHONEOS_DEPLOYMENT_TARGET = 15.0;
				LD_RUNPATH_SEARCH_PATHS = (
					"$(inherited)",
					"@executable_path/Frameworks",
				);
				MARKETING_VERSION = 1.0;
				PRODUCT_BUNDLE_IDENTIFIER = unicus.fortis.SeSACTalk;
				PRODUCT_NAME = "$(TARGET_NAME)";
				SUPPORTED_PLATFORMS = "iphoneos iphonesimulator";
				SUPPORTS_MACCATALYST = NO;
				SUPPORTS_MAC_DESIGNED_FOR_IPHONE_IPAD = NO;
				SWIFT_EMIT_LOC_STRINGS = YES;
				SWIFT_VERSION = 5.0;
				TARGETED_DEVICE_FAMILY = 1;
			};
			name = Release;
		};
		DE5CD42F2B4556FB002546CD /* Debug */ = {
			isa = XCBuildConfiguration;
			buildSettings = {
				ALWAYS_EMBED_SWIFT_STANDARD_LIBRARIES = YES;
				BUNDLE_LOADER = "$(TEST_HOST)";
				CODE_SIGN_STYLE = Automatic;
				CURRENT_PROJECT_VERSION = 1;
				DEVELOPMENT_TEAM = R5RPU2QP33;
				GENERATE_INFOPLIST_FILE = YES;
				IPHONEOS_DEPLOYMENT_TARGET = 17.0;
				MARKETING_VERSION = 1.0;
				PRODUCT_BUNDLE_IDENTIFIER = unicus.fortis.SeSACTalkTests;
				PRODUCT_NAME = "$(TARGET_NAME)";
				SWIFT_EMIT_LOC_STRINGS = NO;
				SWIFT_VERSION = 5.0;
				TARGETED_DEVICE_FAMILY = "1,2";
				TEST_HOST = "$(BUILT_PRODUCTS_DIR)/SeSACTalk.app/$(BUNDLE_EXECUTABLE_FOLDER_PATH)/SeSACTalk";
			};
			name = Debug;
		};
		DE5CD4302B4556FB002546CD /* Release */ = {
			isa = XCBuildConfiguration;
			buildSettings = {
				ALWAYS_EMBED_SWIFT_STANDARD_LIBRARIES = YES;
				BUNDLE_LOADER = "$(TEST_HOST)";
				CODE_SIGN_STYLE = Automatic;
				CURRENT_PROJECT_VERSION = 1;
				DEVELOPMENT_TEAM = R5RPU2QP33;
				GENERATE_INFOPLIST_FILE = YES;
				IPHONEOS_DEPLOYMENT_TARGET = 17.0;
				MARKETING_VERSION = 1.0;
				PRODUCT_BUNDLE_IDENTIFIER = unicus.fortis.SeSACTalkTests;
				PRODUCT_NAME = "$(TARGET_NAME)";
				SWIFT_EMIT_LOC_STRINGS = NO;
				SWIFT_VERSION = 5.0;
				TARGETED_DEVICE_FAMILY = "1,2";
				TEST_HOST = "$(BUILT_PRODUCTS_DIR)/SeSACTalk.app/$(BUNDLE_EXECUTABLE_FOLDER_PATH)/SeSACTalk";
			};
			name = Release;
		};
		DE5CD4322B4556FB002546CD /* Debug */ = {
			isa = XCBuildConfiguration;
			buildSettings = {
				ALWAYS_EMBED_SWIFT_STANDARD_LIBRARIES = YES;
				CODE_SIGN_STYLE = Automatic;
				CURRENT_PROJECT_VERSION = 1;
				DEVELOPMENT_TEAM = R5RPU2QP33;
				GENERATE_INFOPLIST_FILE = YES;
				MARKETING_VERSION = 1.0;
				PRODUCT_BUNDLE_IDENTIFIER = unicus.fortis.SeSACTalkUITests;
				PRODUCT_NAME = "$(TARGET_NAME)";
				SWIFT_EMIT_LOC_STRINGS = NO;
				SWIFT_VERSION = 5.0;
				TARGETED_DEVICE_FAMILY = "1,2";
				TEST_TARGET_NAME = SeSACTalk;
			};
			name = Debug;
		};
		DE5CD4332B4556FB002546CD /* Release */ = {
			isa = XCBuildConfiguration;
			buildSettings = {
				ALWAYS_EMBED_SWIFT_STANDARD_LIBRARIES = YES;
				CODE_SIGN_STYLE = Automatic;
				CURRENT_PROJECT_VERSION = 1;
				DEVELOPMENT_TEAM = R5RPU2QP33;
				GENERATE_INFOPLIST_FILE = YES;
				MARKETING_VERSION = 1.0;
				PRODUCT_BUNDLE_IDENTIFIER = unicus.fortis.SeSACTalkUITests;
				PRODUCT_NAME = "$(TARGET_NAME)";
				SWIFT_EMIT_LOC_STRINGS = NO;
				SWIFT_VERSION = 5.0;
				TARGETED_DEVICE_FAMILY = "1,2";
				TEST_TARGET_NAME = SeSACTalk;
			};
			name = Release;
		};
/* End XCBuildConfiguration section */

/* Begin XCConfigurationList section */
		DE5CD3FC2B4556FA002546CD /* Build configuration list for PBXProject "SeSACTalk" */ = {
			isa = XCConfigurationList;
			buildConfigurations = (
				DE5CD4292B4556FB002546CD /* Debug */,
				DE5CD42A2B4556FB002546CD /* Release */,
			);
			defaultConfigurationIsVisible = 0;
			defaultConfigurationName = Release;
		};
		DE5CD42B2B4556FB002546CD /* Build configuration list for PBXNativeTarget "SeSACTalk" */ = {
			isa = XCConfigurationList;
			buildConfigurations = (
				DE5CD42C2B4556FB002546CD /* Debug */,
				DE5CD42D2B4556FB002546CD /* Release */,
			);
			defaultConfigurationIsVisible = 0;
			defaultConfigurationName = Release;
		};
		DE5CD42E2B4556FB002546CD /* Build configuration list for PBXNativeTarget "SeSACTalkTests" */ = {
			isa = XCConfigurationList;
			buildConfigurations = (
				DE5CD42F2B4556FB002546CD /* Debug */,
				DE5CD4302B4556FB002546CD /* Release */,
			);
			defaultConfigurationIsVisible = 0;
			defaultConfigurationName = Release;
		};
		DE5CD4312B4556FB002546CD /* Build configuration list for PBXNativeTarget "SeSACTalkUITests" */ = {
			isa = XCConfigurationList;
			buildConfigurations = (
				DE5CD4322B4556FB002546CD /* Debug */,
				DE5CD4332B4556FB002546CD /* Release */,
			);
			defaultConfigurationIsVisible = 0;
			defaultConfigurationName = Release;
		};
/* End XCConfigurationList section */

/* Begin XCRemoteSwiftPackageReference section */
		DE5CD4342B45587A002546CD /* XCRemoteSwiftPackageReference "RxSwift" */ = {
			isa = XCRemoteSwiftPackageReference;
			repositoryURL = "https://github.com/ReactiveX/RxSwift";
			requirement = {
				kind = upToNextMajorVersion;
				minimumVersion = 6.6.0;
			};
		};
		DE5CD43B2B45588F002546CD /* XCRemoteSwiftPackageReference "SnapKit" */ = {
			isa = XCRemoteSwiftPackageReference;
			repositoryURL = "https://github.com/SnapKit/SnapKit";
			requirement = {
				kind = upToNextMajorVersion;
				minimumVersion = 5.7.0;
			};
		};
		DE5CD43E2B4558BF002546CD /* XCRemoteSwiftPackageReference "Moya" */ = {
			isa = XCRemoteSwiftPackageReference;
			repositoryURL = "https://github.com/Moya/Moya";
			requirement = {
				kind = upToNextMajorVersion;
				minimumVersion = 15.0.3;
			};
		};
		DEE3104E2B4595A1009209F0 /* XCRemoteSwiftPackageReference "RxKeyboard" */ = {
			isa = XCRemoteSwiftPackageReference;
			repositoryURL = "https://github.com/RxSwiftCommunity/RxKeyboard";
			requirement = {
				kind = upToNextMajorVersion;
				minimumVersion = 2.0.1;
			};
		};
/* End XCRemoteSwiftPackageReference section */

/* Begin XCSwiftPackageProductDependency section */
		DE5CD4352B45587A002546CD /* RxCocoa */ = {
			isa = XCSwiftPackageProductDependency;
			package = DE5CD4342B45587A002546CD /* XCRemoteSwiftPackageReference "RxSwift" */;
			productName = RxCocoa;
		};
		DE5CD4372B45587A002546CD /* RxRelay */ = {
			isa = XCSwiftPackageProductDependency;
			package = DE5CD4342B45587A002546CD /* XCRemoteSwiftPackageReference "RxSwift" */;
			productName = RxRelay;
		};
		DE5CD4392B45587A002546CD /* RxSwift */ = {
			isa = XCSwiftPackageProductDependency;
			package = DE5CD4342B45587A002546CD /* XCRemoteSwiftPackageReference "RxSwift" */;
			productName = RxSwift;
		};
		DE5CD43C2B45588F002546CD /* SnapKit */ = {
			isa = XCSwiftPackageProductDependency;
			package = DE5CD43B2B45588F002546CD /* XCRemoteSwiftPackageReference "SnapKit" */;
			productName = SnapKit;
		};
		DE5CD43F2B4558BF002546CD /* Moya */ = {
			isa = XCSwiftPackageProductDependency;
			package = DE5CD43E2B4558BF002546CD /* XCRemoteSwiftPackageReference "Moya" */;
			productName = Moya;
		};
		DE5CD4412B4558BF002546CD /* RxMoya */ = {
			isa = XCSwiftPackageProductDependency;
			package = DE5CD43E2B4558BF002546CD /* XCRemoteSwiftPackageReference "Moya" */;
			productName = RxMoya;
		};
		DEE3104F2B4595A1009209F0 /* RxKeyboard */ = {
			isa = XCSwiftPackageProductDependency;
			package = DEE3104E2B4595A1009209F0 /* XCRemoteSwiftPackageReference "RxKeyboard" */;
			productName = RxKeyboard;
		};
/* End XCSwiftPackageProductDependency section */
	};
	rootObject = DE5CD3F92B4556FA002546CD /* Project object */;
}
